{
  "version": 4,
  "terraform_version": "1.12.6",
  "serial": 2,
  "lineage": "02892d67-f510-38d2-0133-b801385314ee",
  "outputs": {},
  "resources": [
    {
      "mode": "managed",
      "type": "proxmox_download_file",
      "name": "talos_image",
      "provider": "provider[\"registry.opentofu.org/bpg/proxmox\"]",
      "instances": [
        {
          "schema_version": 0,
          "attributes": {
            "checksum": null,
            "checksum_algorithm": null,
            "content_type": "iso",
            "datastore_id": "local",
            "decompression_algorithm": "zst",
            "file_name": "talos-v1.13.9-nocloud-amd64-secureboot.img",
            "id": "local:iso/talos-v1.13.9-nocloud-amd64-secureboot.img",
            "node_name": "pve",
            "overwrite": false,
            "overwrite_unmanaged": false,
            "size": 2355101696,
            "upload_timeout": 600,
            "url": "https://factory.talos.dev/image/ce4c980550dd2ab1b17bbf2b08801c7eb59418eafe8f279833297925d67c7515/v1.13.9/nocloud-amd64-secureboot.raw.xz",
            "verify": true
          },
          "sensitive_attributes": []
        }
      ]
    }
  ],
  "check_results": null
}

